// !$*UTF8*$!
{
	archiveVersion = 1;
	classes = {
	};
	objectVersion = 46;
	objects = {

/* Begin PBXBuildFile section */
		6D1C2DA41AD482500086D147 /* tarot.png in Resources */ = {isa = PBXBuildFile; fileRef = 6D1C2DA31AD482500086D147 /* tarot.png */; };
		6D1C2DA61AD483B40086D147 /* tarotside.png in Resources */ = {isa = PBXBuildFile; fileRef = 6D1C2DA51AD483B40086D147 /* tarotside.png */; };
<<<<<<< HEAD
<<<<<<< HEAD
<<<<<<< HEAD
<<<<<<< HEAD
<<<<<<< HEAD
		6D1C2DAA1AD5B7B20086D147 /* default.realm in Resources */ = {isa = PBXBuildFile; fileRef = 6D1C2DA91AD5B7B20086D147 /* default.realm */; };
		6D1C2DAF1AD610FA0086D147 /* masterblaster.jpg in Resources */ = {isa = PBXBuildFile; fileRef = 6D1C2DAE1AD610FA0086D147 /* masterblaster.jpg */; };
		6D1C2F841AD641A20086D147 /* tarot0.jpg in Resources */ = {isa = PBXBuildFile; fileRef = 6D1C2F361AD641A20086D147 /* tarot0.jpg */; };
		6D1C2F851AD641A20086D147 /* tarot1.jpg in Resources */ = {isa = PBXBuildFile; fileRef = 6D1C2F371AD641A20086D147 /* tarot1.jpg */; };
		6D1C2F861AD641A20086D147 /* tarot10.jpg in Resources */ = {isa = PBXBuildFile; fileRef = 6D1C2F381AD641A20086D147 /* tarot10.jpg */; };
		6D1C2F871AD641A20086D147 /* tarot11.jpg in Resources */ = {isa = PBXBuildFile; fileRef = 6D1C2F391AD641A20086D147 /* tarot11.jpg */; };
		6D1C2F881AD641A20086D147 /* tarot12.jpg in Resources */ = {isa = PBXBuildFile; fileRef = 6D1C2F3A1AD641A20086D147 /* tarot12.jpg */; };
		6D1C2F891AD641A20086D147 /* tarot13.jpg in Resources */ = {isa = PBXBuildFile; fileRef = 6D1C2F3B1AD641A20086D147 /* tarot13.jpg */; };
		6D1C2F8A1AD641A20086D147 /* tarot14.jpg in Resources */ = {isa = PBXBuildFile; fileRef = 6D1C2F3C1AD641A20086D147 /* tarot14.jpg */; };
		6D1C2F8B1AD641A20086D147 /* tarot15.jpg in Resources */ = {isa = PBXBuildFile; fileRef = 6D1C2F3D1AD641A20086D147 /* tarot15.jpg */; };
		6D1C2F8C1AD641A20086D147 /* tarot16.jpg in Resources */ = {isa = PBXBuildFile; fileRef = 6D1C2F3E1AD641A20086D147 /* tarot16.jpg */; };
		6D1C2F8D1AD641A20086D147 /* tarot17.jpg in Resources */ = {isa = PBXBuildFile; fileRef = 6D1C2F3F1AD641A20086D147 /* tarot17.jpg */; };
		6D1C2F8E1AD641A20086D147 /* tarot18.jpg in Resources */ = {isa = PBXBuildFile; fileRef = 6D1C2F401AD641A20086D147 /* tarot18.jpg */; };
		6D1C2F8F1AD641A20086D147 /* tarot19.jpg in Resources */ = {isa = PBXBuildFile; fileRef = 6D1C2F411AD641A20086D147 /* tarot19.jpg */; };
		6D1C2F901AD641A20086D147 /* tarot2.jpg in Resources */ = {isa = PBXBuildFile; fileRef = 6D1C2F421AD641A20086D147 /* tarot2.jpg */; };
		6D1C2F911AD641A20086D147 /* tarot20.jpg in Resources */ = {isa = PBXBuildFile; fileRef = 6D1C2F431AD641A20086D147 /* tarot20.jpg */; };
		6D1C2F921AD641A20086D147 /* tarot21.jpg in Resources */ = {isa = PBXBuildFile; fileRef = 6D1C2F441AD641A20086D147 /* tarot21.jpg */; };
		6D1C2F931AD641A20086D147 /* tarot22.jpg in Resources */ = {isa = PBXBuildFile; fileRef = 6D1C2F451AD641A20086D147 /* tarot22.jpg */; };
		6D1C2F941AD641A20086D147 /* tarot23.jpg in Resources */ = {isa = PBXBuildFile; fileRef = 6D1C2F461AD641A20086D147 /* tarot23.jpg */; };
		6D1C2F951AD641A20086D147 /* tarot24.jpg in Resources */ = {isa = PBXBuildFile; fileRef = 6D1C2F471AD641A20086D147 /* tarot24.jpg */; };
		6D1C2F961AD641A20086D147 /* tarot25.jpg in Resources */ = {isa = PBXBuildFile; fileRef = 6D1C2F481AD641A20086D147 /* tarot25.jpg */; };
		6D1C2F971AD641A20086D147 /* tarot26.jpg in Resources */ = {isa = PBXBuildFile; fileRef = 6D1C2F491AD641A20086D147 /* tarot26.jpg */; };
		6D1C2F981AD641A20086D147 /* tarot27.jpg in Resources */ = {isa = PBXBuildFile; fileRef = 6D1C2F4A1AD641A20086D147 /* tarot27.jpg */; };
		6D1C2F991AD641A20086D147 /* tarot28.jpg in Resources */ = {isa = PBXBuildFile; fileRef = 6D1C2F4B1AD641A20086D147 /* tarot28.jpg */; };
		6D1C2F9A1AD641A20086D147 /* tarot29.jpg in Resources */ = {isa = PBXBuildFile; fileRef = 6D1C2F4C1AD641A20086D147 /* tarot29.jpg */; };
		6D1C2F9B1AD641A20086D147 /* tarot3.jpg in Resources */ = {isa = PBXBuildFile; fileRef = 6D1C2F4D1AD641A20086D147 /* tarot3.jpg */; };
		6D1C2F9C1AD641A20086D147 /* tarot30.jpg in Resources */ = {isa = PBXBuildFile; fileRef = 6D1C2F4E1AD641A20086D147 /* tarot30.jpg */; };
		6D1C2F9D1AD641A20086D147 /* tarot31.jpg in Resources */ = {isa = PBXBuildFile; fileRef = 6D1C2F4F1AD641A20086D147 /* tarot31.jpg */; };
		6D1C2F9E1AD641A20086D147 /* tarot32.jpg in Resources */ = {isa = PBXBuildFile; fileRef = 6D1C2F501AD641A20086D147 /* tarot32.jpg */; };
		6D1C2F9F1AD641A20086D147 /* tarot33.jpg in Resources */ = {isa = PBXBuildFile; fileRef = 6D1C2F511AD641A20086D147 /* tarot33.jpg */; };
		6D1C2FA01AD641A20086D147 /* tarot34.jpg in Resources */ = {isa = PBXBuildFile; fileRef = 6D1C2F521AD641A20086D147 /* tarot34.jpg */; };
		6D1C2FA11AD641A20086D147 /* tarot35.jpg in Resources */ = {isa = PBXBuildFile; fileRef = 6D1C2F531AD641A20086D147 /* tarot35.jpg */; };
		6D1C2FA21AD641A20086D147 /* tarot36.jpg in Resources */ = {isa = PBXBuildFile; fileRef = 6D1C2F541AD641A20086D147 /* tarot36.jpg */; };
		6D1C2FA31AD641A20086D147 /* tarot37.jpg in Resources */ = {isa = PBXBuildFile; fileRef = 6D1C2F551AD641A20086D147 /* tarot37.jpg */; };
		6D1C2FA41AD641A20086D147 /* tarot38.jpg in Resources */ = {isa = PBXBuildFile; fileRef = 6D1C2F561AD641A20086D147 /* tarot38.jpg */; };
		6D1C2FA51AD641A20086D147 /* tarot39.jpg in Resources */ = {isa = PBXBuildFile; fileRef = 6D1C2F571AD641A20086D147 /* tarot39.jpg */; };
		6D1C2FA61AD641A20086D147 /* tarot4.jpg in Resources */ = {isa = PBXBuildFile; fileRef = 6D1C2F581AD641A20086D147 /* tarot4.jpg */; };
		6D1C2FA71AD641A20086D147 /* tarot40.jpg in Resources */ = {isa = PBXBuildFile; fileRef = 6D1C2F591AD641A20086D147 /* tarot40.jpg */; };
		6D1C2FA81AD641A20086D147 /* tarot41.jpg in Resources */ = {isa = PBXBuildFile; fileRef = 6D1C2F5A1AD641A20086D147 /* tarot41.jpg */; };
		6D1C2FA91AD641A20086D147 /* tarot42.jpg in Resources */ = {isa = PBXBuildFile; fileRef = 6D1C2F5B1AD641A20086D147 /* tarot42.jpg */; };
		6D1C2FAA1AD641A20086D147 /* tarot43.jpg in Resources */ = {isa = PBXBuildFile; fileRef = 6D1C2F5C1AD641A20086D147 /* tarot43.jpg */; };
		6D1C2FAB1AD641A20086D147 /* tarot44.jpg in Resources */ = {isa = PBXBuildFile; fileRef = 6D1C2F5D1AD641A20086D147 /* tarot44.jpg */; };
		6D1C2FAC1AD641A20086D147 /* tarot45.jpg in Resources */ = {isa = PBXBuildFile; fileRef = 6D1C2F5E1AD641A20086D147 /* tarot45.jpg */; };
		6D1C2FAD1AD641A20086D147 /* tarot46.jpg in Resources */ = {isa = PBXBuildFile; fileRef = 6D1C2F5F1AD641A20086D147 /* tarot46.jpg */; };
		6D1C2FAE1AD641A20086D147 /* tarot47.jpg in Resources */ = {isa = PBXBuildFile; fileRef = 6D1C2F601AD641A20086D147 /* tarot47.jpg */; };
		6D1C2FAF1AD641A20086D147 /* tarot48.jpg in Resources */ = {isa = PBXBuildFile; fileRef = 6D1C2F611AD641A20086D147 /* tarot48.jpg */; };
		6D1C2FB01AD641A20086D147 /* tarot49.jpg in Resources */ = {isa = PBXBuildFile; fileRef = 6D1C2F621AD641A20086D147 /* tarot49.jpg */; };
		6D1C2FB11AD641A20086D147 /* tarot5.jpg in Resources */ = {isa = PBXBuildFile; fileRef = 6D1C2F631AD641A20086D147 /* tarot5.jpg */; };
		6D1C2FB21AD641A20086D147 /* tarot50.jpg in Resources */ = {isa = PBXBuildFile; fileRef = 6D1C2F641AD641A20086D147 /* tarot50.jpg */; };
		6D1C2FB31AD641A20086D147 /* tarot51.jpg in Resources */ = {isa = PBXBuildFile; fileRef = 6D1C2F651AD641A20086D147 /* tarot51.jpg */; };
		6D1C2FB41AD641A20086D147 /* tarot52.jpg in Resources */ = {isa = PBXBuildFile; fileRef = 6D1C2F661AD641A20086D147 /* tarot52.jpg */; };
		6D1C2FB51AD641A20086D147 /* tarot53.jpg in Resources */ = {isa = PBXBuildFile; fileRef = 6D1C2F671AD641A20086D147 /* tarot53.jpg */; };
		6D1C2FB61AD641A20086D147 /* tarot54.jpg in Resources */ = {isa = PBXBuildFile; fileRef = 6D1C2F681AD641A20086D147 /* tarot54.jpg */; };
		6D1C2FB71AD641A20086D147 /* tarot55.jpg in Resources */ = {isa = PBXBuildFile; fileRef = 6D1C2F691AD641A20086D147 /* tarot55.jpg */; };
		6D1C2FB81AD641A20086D147 /* tarot56.jpg in Resources */ = {isa = PBXBuildFile; fileRef = 6D1C2F6A1AD641A20086D147 /* tarot56.jpg */; };
		6D1C2FB91AD641A20086D147 /* tarot57.jpg in Resources */ = {isa = PBXBuildFile; fileRef = 6D1C2F6B1AD641A20086D147 /* tarot57.jpg */; };
		6D1C2FBA1AD641A20086D147 /* tarot58.jpg in Resources */ = {isa = PBXBuildFile; fileRef = 6D1C2F6C1AD641A20086D147 /* tarot58.jpg */; };
		6D1C2FBB1AD641A20086D147 /* tarot59.jpg in Resources */ = {isa = PBXBuildFile; fileRef = 6D1C2F6D1AD641A20086D147 /* tarot59.jpg */; };
		6D1C2FBC1AD641A20086D147 /* tarot6.jpg in Resources */ = {isa = PBXBuildFile; fileRef = 6D1C2F6E1AD641A20086D147 /* tarot6.jpg */; };
		6D1C2FBD1AD641A20086D147 /* tarot60.jpg in Resources */ = {isa = PBXBuildFile; fileRef = 6D1C2F6F1AD641A20086D147 /* tarot60.jpg */; };
		6D1C2FBE1AD641A20086D147 /* tarot61.jpg in Resources */ = {isa = PBXBuildFile; fileRef = 6D1C2F701AD641A20086D147 /* tarot61.jpg */; };
		6D1C2FBF1AD641A20086D147 /* tarot62.jpg in Resources */ = {isa = PBXBuildFile; fileRef = 6D1C2F711AD641A20086D147 /* tarot62.jpg */; };
		6D1C2FC01AD641A20086D147 /* tarot63.jpg in Resources */ = {isa = PBXBuildFile; fileRef = 6D1C2F721AD641A20086D147 /* tarot63.jpg */; };
		6D1C2FC11AD641A20086D147 /* tarot64.jpg in Resources */ = {isa = PBXBuildFile; fileRef = 6D1C2F731AD641A20086D147 /* tarot64.jpg */; };
		6D1C2FC21AD641A20086D147 /* tarot65.jpg in Resources */ = {isa = PBXBuildFile; fileRef = 6D1C2F741AD641A20086D147 /* tarot65.jpg */; };
		6D1C2FC31AD641A20086D147 /* tarot66.jpg in Resources */ = {isa = PBXBuildFile; fileRef = 6D1C2F751AD641A20086D147 /* tarot66.jpg */; };
		6D1C2FC41AD641A20086D147 /* tarot67.jpg in Resources */ = {isa = PBXBuildFile; fileRef = 6D1C2F761AD641A20086D147 /* tarot67.jpg */; };
		6D1C2FC51AD641A20086D147 /* tarot68.jpg in Resources */ = {isa = PBXBuildFile; fileRef = 6D1C2F771AD641A20086D147 /* tarot68.jpg */; };
		6D1C2FC61AD641A20086D147 /* tarot69.jpg in Resources */ = {isa = PBXBuildFile; fileRef = 6D1C2F781AD641A20086D147 /* tarot69.jpg */; };
		6D1C2FC71AD641A20086D147 /* tarot7.jpg in Resources */ = {isa = PBXBuildFile; fileRef = 6D1C2F791AD641A20086D147 /* tarot7.jpg */; };
		6D1C2FC81AD641A20086D147 /* tarot70.jpg in Resources */ = {isa = PBXBuildFile; fileRef = 6D1C2F7A1AD641A20086D147 /* tarot70.jpg */; };
		6D1C2FC91AD641A20086D147 /* tarot71.jpg in Resources */ = {isa = PBXBuildFile; fileRef = 6D1C2F7B1AD641A20086D147 /* tarot71.jpg */; };
		6D1C2FCA1AD641A20086D147 /* tarot72.jpg in Resources */ = {isa = PBXBuildFile; fileRef = 6D1C2F7C1AD641A20086D147 /* tarot72.jpg */; };
		6D1C2FCB1AD641A20086D147 /* tarot73.jpg in Resources */ = {isa = PBXBuildFile; fileRef = 6D1C2F7D1AD641A20086D147 /* tarot73.jpg */; };
		6D1C2FCC1AD641A20086D147 /* tarot74.jpg in Resources */ = {isa = PBXBuildFile; fileRef = 6D1C2F7E1AD641A20086D147 /* tarot74.jpg */; };
		6D1C2FCD1AD641A20086D147 /* tarot75.jpg in Resources */ = {isa = PBXBuildFile; fileRef = 6D1C2F7F1AD641A20086D147 /* tarot75.jpg */; };
		6D1C2FCE1AD641A20086D147 /* tarot76.jpg in Resources */ = {isa = PBXBuildFile; fileRef = 6D1C2F801AD641A20086D147 /* tarot76.jpg */; };
		6D1C2FCF1AD641A20086D147 /* tarot77.jpg in Resources */ = {isa = PBXBuildFile; fileRef = 6D1C2F811AD641A20086D147 /* tarot77.jpg */; };
		6D1C2FD01AD641A20086D147 /* tarot8.jpg in Resources */ = {isa = PBXBuildFile; fileRef = 6D1C2F821AD641A20086D147 /* tarot8.jpg */; };
		6D1C2FD11AD641A20086D147 /* tarot9.jpg in Resources */ = {isa = PBXBuildFile; fileRef = 6D1C2F831AD641A20086D147 /* tarot9.jpg */; };
		6D1C2FD51AD648390086D147 /* DefListTableViewController.m in Sources */ = {isa = PBXBuildFile; fileRef = 6D1C2FD31AD648390086D147 /* DefListTableViewController.m */; };
		6D1C2FD61AD648390086D147 /* DefListTableViewController.xib in Resources */ = {isa = PBXBuildFile; fileRef = 6D1C2FD41AD648390086D147 /* DefListTableViewController.xib */; };
=======
>>>>>>> ae58dc1b444bdd4e1a1dacb59829980876867b40
=======
>>>>>>> ae58dc1b444bdd4e1a1dacb59829980876867b40
=======
>>>>>>> ae58dc1b444bdd4e1a1dacb59829980876867b40
=======
>>>>>>> ae58dc1b444bdd4e1a1dacb59829980876867b40
=======
>>>>>>> ae58dc1b444bdd4e1a1dacb59829980876867b40
		6D4262E61AD45EEF00F1310B /* curtains.png in Resources */ = {isa = PBXBuildFile; fileRef = 6D4262E51AD45EEF00F1310B /* curtains.png */; };
		6D4262EA1AD4624E00F1310B /* CardSpreadViewController.m in Sources */ = {isa = PBXBuildFile; fileRef = 6D4262E81AD4624E00F1310B /* CardSpreadViewController.m */; };
		6D4262EB1AD4624E00F1310B /* CardSpreadViewController.xib in Resources */ = {isa = PBXBuildFile; fileRef = 6D4262E91AD4624E00F1310B /* CardSpreadViewController.xib */; };
		772212FA1AD36BB200A7722C /* main.m in Sources */ = {isa = PBXBuildFile; fileRef = 772212F91AD36BB200A7722C /* main.m */; };
		772212FD1AD36BB200A7722C /* AppDelegate.m in Sources */ = {isa = PBXBuildFile; fileRef = 772212FC1AD36BB200A7722C /* AppDelegate.m */; };
		772213051AD36BB200A7722C /* Images.xcassets in Resources */ = {isa = PBXBuildFile; fileRef = 772213041AD36BB200A7722C /* Images.xcassets */; };
		772213081AD36BB200A7722C /* LaunchScreen.xib in Resources */ = {isa = PBXBuildFile; fileRef = 772213061AD36BB200A7722C /* LaunchScreen.xib */; };
		772213141AD36BB200A7722C /* CartomancerTests.m in Sources */ = {isa = PBXBuildFile; fileRef = 772213131AD36BB200A7722C /* CartomancerTests.m */; };
		7722131E1AD36C7F00A7722C /* Realm.framework in Frameworks */ = {isa = PBXBuildFile; fileRef = 7722131D1AD36C7F00A7722C /* Realm.framework */; };
		772213201AD36C9500A7722C /* libc++.dylib in Frameworks */ = {isa = PBXBuildFile; fileRef = 7722131F1AD36C9500A7722C /* libc++.dylib */; };
		772213231AD36CAE00A7722C /* Card.m in Sources */ = {isa = PBXBuildFile; fileRef = 772213221AD36CAE00A7722C /* Card.m */; };
		77378B301AD5DB0800C7AC27 /* seventyEightCardListings4.json in Resources */ = {isa = PBXBuildFile; fileRef = 77378B2F1AD5DB0800C7AC27 /* seventyEightCardListings4.json */; };
		7784766A1AD611C8006FB87E /* Prediction.m in Sources */ = {isa = PBXBuildFile; fileRef = 778476691AD611C8006FB87E /* Prediction.m */; };
		779FDBF51AD5C0C200C8F6D0 /* DataLoader.m in Sources */ = {isa = PBXBuildFile; fileRef = 779FDBF41AD5C0C200C8F6D0 /* DataLoader.m */; };
/* End PBXBuildFile section */

/* Begin PBXContainerItemProxy section */
		7722130E1AD36BB200A7722C /* PBXContainerItemProxy */ = {
			isa = PBXContainerItemProxy;
			containerPortal = 772212EC1AD36BB200A7722C /* Project object */;
			proxyType = 1;
			remoteGlobalIDString = 772212F31AD36BB200A7722C;
			remoteInfo = Cartomancer;
		};
/* End PBXContainerItemProxy section */

/* Begin PBXFileReference section */
		6D1C2DA31AD482500086D147 /* tarot.png */ = {isa = PBXFileReference; lastKnownFileType = image.png; path = tarot.png; sourceTree = "<group>"; };
		6D1C2DA51AD483B40086D147 /* tarotside.png */ = {isa = PBXFileReference; lastKnownFileType = image.png; path = tarotside.png; sourceTree = "<group>"; };
<<<<<<< HEAD
<<<<<<< HEAD
<<<<<<< HEAD
<<<<<<< HEAD
<<<<<<< HEAD
		6D1C2DA91AD5B7B20086D147 /* default.realm */ = {isa = PBXFileReference; lastKnownFileType = file; name = default.realm; path = ../default.realm; sourceTree = "<group>"; };
		6D1C2DAE1AD610FA0086D147 /* masterblaster.jpg */ = {isa = PBXFileReference; lastKnownFileType = image.jpeg; name = masterblaster.jpg; path = ../../../../../Downloads/masterblaster.jpg; sourceTree = "<group>"; };
		6D1C2F361AD641A20086D147 /* tarot0.jpg */ = {isa = PBXFileReference; lastKnownFileType = image.jpeg; path = tarot0.jpg; sourceTree = "<group>"; };
		6D1C2F371AD641A20086D147 /* tarot1.jpg */ = {isa = PBXFileReference; lastKnownFileType = image.jpeg; path = tarot1.jpg; sourceTree = "<group>"; };
		6D1C2F381AD641A20086D147 /* tarot10.jpg */ = {isa = PBXFileReference; lastKnownFileType = image.jpeg; path = tarot10.jpg; sourceTree = "<group>"; };
		6D1C2F391AD641A20086D147 /* tarot11.jpg */ = {isa = PBXFileReference; lastKnownFileType = image.jpeg; path = tarot11.jpg; sourceTree = "<group>"; };
		6D1C2F3A1AD641A20086D147 /* tarot12.jpg */ = {isa = PBXFileReference; lastKnownFileType = image.jpeg; path = tarot12.jpg; sourceTree = "<group>"; };
		6D1C2F3B1AD641A20086D147 /* tarot13.jpg */ = {isa = PBXFileReference; lastKnownFileType = image.jpeg; path = tarot13.jpg; sourceTree = "<group>"; };
		6D1C2F3C1AD641A20086D147 /* tarot14.jpg */ = {isa = PBXFileReference; lastKnownFileType = image.jpeg; path = tarot14.jpg; sourceTree = "<group>"; };
		6D1C2F3D1AD641A20086D147 /* tarot15.jpg */ = {isa = PBXFileReference; lastKnownFileType = image.jpeg; path = tarot15.jpg; sourceTree = "<group>"; };
		6D1C2F3E1AD641A20086D147 /* tarot16.jpg */ = {isa = PBXFileReference; lastKnownFileType = image.jpeg; path = tarot16.jpg; sourceTree = "<group>"; };
		6D1C2F3F1AD641A20086D147 /* tarot17.jpg */ = {isa = PBXFileReference; lastKnownFileType = image.jpeg; path = tarot17.jpg; sourceTree = "<group>"; };
		6D1C2F401AD641A20086D147 /* tarot18.jpg */ = {isa = PBXFileReference; lastKnownFileType = image.jpeg; path = tarot18.jpg; sourceTree = "<group>"; };
		6D1C2F411AD641A20086D147 /* tarot19.jpg */ = {isa = PBXFileReference; lastKnownFileType = image.jpeg; path = tarot19.jpg; sourceTree = "<group>"; };
		6D1C2F421AD641A20086D147 /* tarot2.jpg */ = {isa = PBXFileReference; lastKnownFileType = image.jpeg; path = tarot2.jpg; sourceTree = "<group>"; };
		6D1C2F431AD641A20086D147 /* tarot20.jpg */ = {isa = PBXFileReference; lastKnownFileType = image.jpeg; path = tarot20.jpg; sourceTree = "<group>"; };
		6D1C2F441AD641A20086D147 /* tarot21.jpg */ = {isa = PBXFileReference; lastKnownFileType = image.jpeg; path = tarot21.jpg; sourceTree = "<group>"; };
		6D1C2F451AD641A20086D147 /* tarot22.jpg */ = {isa = PBXFileReference; lastKnownFileType = image.jpeg; path = tarot22.jpg; sourceTree = "<group>"; };
		6D1C2F461AD641A20086D147 /* tarot23.jpg */ = {isa = PBXFileReference; lastKnownFileType = image.jpeg; path = tarot23.jpg; sourceTree = "<group>"; };
		6D1C2F471AD641A20086D147 /* tarot24.jpg */ = {isa = PBXFileReference; lastKnownFileType = image.jpeg; path = tarot24.jpg; sourceTree = "<group>"; };
		6D1C2F481AD641A20086D147 /* tarot25.jpg */ = {isa = PBXFileReference; lastKnownFileType = image.jpeg; path = tarot25.jpg; sourceTree = "<group>"; };
		6D1C2F491AD641A20086D147 /* tarot26.jpg */ = {isa = PBXFileReference; lastKnownFileType = image.jpeg; path = tarot26.jpg; sourceTree = "<group>"; };
		6D1C2F4A1AD641A20086D147 /* tarot27.jpg */ = {isa = PBXFileReference; lastKnownFileType = image.jpeg; path = tarot27.jpg; sourceTree = "<group>"; };
		6D1C2F4B1AD641A20086D147 /* tarot28.jpg */ = {isa = PBXFileReference; lastKnownFileType = image.jpeg; path = tarot28.jpg; sourceTree = "<group>"; };
		6D1C2F4C1AD641A20086D147 /* tarot29.jpg */ = {isa = PBXFileReference; lastKnownFileType = image.jpeg; path = tarot29.jpg; sourceTree = "<group>"; };
		6D1C2F4D1AD641A20086D147 /* tarot3.jpg */ = {isa = PBXFileReference; lastKnownFileType = image.jpeg; path = tarot3.jpg; sourceTree = "<group>"; };
		6D1C2F4E1AD641A20086D147 /* tarot30.jpg */ = {isa = PBXFileReference; lastKnownFileType = image.jpeg; path = tarot30.jpg; sourceTree = "<group>"; };
		6D1C2F4F1AD641A20086D147 /* tarot31.jpg */ = {isa = PBXFileReference; lastKnownFileType = image.jpeg; path = tarot31.jpg; sourceTree = "<group>"; };
		6D1C2F501AD641A20086D147 /* tarot32.jpg */ = {isa = PBXFileReference; lastKnownFileType = image.jpeg; path = tarot32.jpg; sourceTree = "<group>"; };
		6D1C2F511AD641A20086D147 /* tarot33.jpg */ = {isa = PBXFileReference; lastKnownFileType = image.jpeg; path = tarot33.jpg; sourceTree = "<group>"; };
		6D1C2F521AD641A20086D147 /* tarot34.jpg */ = {isa = PBXFileReference; lastKnownFileType = image.jpeg; path = tarot34.jpg; sourceTree = "<group>"; };
		6D1C2F531AD641A20086D147 /* tarot35.jpg */ = {isa = PBXFileReference; lastKnownFileType = image.jpeg; path = tarot35.jpg; sourceTree = "<group>"; };
		6D1C2F541AD641A20086D147 /* tarot36.jpg */ = {isa = PBXFileReference; lastKnownFileType = image.jpeg; path = tarot36.jpg; sourceTree = "<group>"; };
		6D1C2F551AD641A20086D147 /* tarot37.jpg */ = {isa = PBXFileReference; lastKnownFileType = image.jpeg; path = tarot37.jpg; sourceTree = "<group>"; };
		6D1C2F561AD641A20086D147 /* tarot38.jpg */ = {isa = PBXFileReference; lastKnownFileType = image.jpeg; path = tarot38.jpg; sourceTree = "<group>"; };
		6D1C2F571AD641A20086D147 /* tarot39.jpg */ = {isa = PBXFileReference; lastKnownFileType = image.jpeg; path = tarot39.jpg; sourceTree = "<group>"; };
		6D1C2F581AD641A20086D147 /* tarot4.jpg */ = {isa = PBXFileReference; lastKnownFileType = image.jpeg; path = tarot4.jpg; sourceTree = "<group>"; };
		6D1C2F591AD641A20086D147 /* tarot40.jpg */ = {isa = PBXFileReference; lastKnownFileType = image.jpeg; path = tarot40.jpg; sourceTree = "<group>"; };
		6D1C2F5A1AD641A20086D147 /* tarot41.jpg */ = {isa = PBXFileReference; lastKnownFileType = image.jpeg; path = tarot41.jpg; sourceTree = "<group>"; };
		6D1C2F5B1AD641A20086D147 /* tarot42.jpg */ = {isa = PBXFileReference; lastKnownFileType = image.jpeg; path = tarot42.jpg; sourceTree = "<group>"; };
		6D1C2F5C1AD641A20086D147 /* tarot43.jpg */ = {isa = PBXFileReference; lastKnownFileType = image.jpeg; path = tarot43.jpg; sourceTree = "<group>"; };
		6D1C2F5D1AD641A20086D147 /* tarot44.jpg */ = {isa = PBXFileReference; lastKnownFileType = image.jpeg; path = tarot44.jpg; sourceTree = "<group>"; };
		6D1C2F5E1AD641A20086D147 /* tarot45.jpg */ = {isa = PBXFileReference; lastKnownFileType = image.jpeg; path = tarot45.jpg; sourceTree = "<group>"; };
		6D1C2F5F1AD641A20086D147 /* tarot46.jpg */ = {isa = PBXFileReference; lastKnownFileType = image.jpeg; path = tarot46.jpg; sourceTree = "<group>"; };
		6D1C2F601AD641A20086D147 /* tarot47.jpg */ = {isa = PBXFileReference; lastKnownFileType = image.jpeg; path = tarot47.jpg; sourceTree = "<group>"; };
		6D1C2F611AD641A20086D147 /* tarot48.jpg */ = {isa = PBXFileReference; lastKnownFileType = image.jpeg; path = tarot48.jpg; sourceTree = "<group>"; };
		6D1C2F621AD641A20086D147 /* tarot49.jpg */ = {isa = PBXFileReference; lastKnownFileType = image.jpeg; path = tarot49.jpg; sourceTree = "<group>"; };
		6D1C2F631AD641A20086D147 /* tarot5.jpg */ = {isa = PBXFileReference; lastKnownFileType = image.jpeg; path = tarot5.jpg; sourceTree = "<group>"; };
		6D1C2F641AD641A20086D147 /* tarot50.jpg */ = {isa = PBXFileReference; lastKnownFileType = image.jpeg; path = tarot50.jpg; sourceTree = "<group>"; };
		6D1C2F651AD641A20086D147 /* tarot51.jpg */ = {isa = PBXFileReference; lastKnownFileType = image.jpeg; path = tarot51.jpg; sourceTree = "<group>"; };
		6D1C2F661AD641A20086D147 /* tarot52.jpg */ = {isa = PBXFileReference; lastKnownFileType = image.jpeg; path = tarot52.jpg; sourceTree = "<group>"; };
		6D1C2F671AD641A20086D147 /* tarot53.jpg */ = {isa = PBXFileReference; lastKnownFileType = image.jpeg; path = tarot53.jpg; sourceTree = "<group>"; };
		6D1C2F681AD641A20086D147 /* tarot54.jpg */ = {isa = PBXFileReference; lastKnownFileType = image.jpeg; path = tarot54.jpg; sourceTree = "<group>"; };
		6D1C2F691AD641A20086D147 /* tarot55.jpg */ = {isa = PBXFileReference; lastKnownFileType = image.jpeg; path = tarot55.jpg; sourceTree = "<group>"; };
		6D1C2F6A1AD641A20086D147 /* tarot56.jpg */ = {isa = PBXFileReference; lastKnownFileType = image.jpeg; path = tarot56.jpg; sourceTree = "<group>"; };
		6D1C2F6B1AD641A20086D147 /* tarot57.jpg */ = {isa = PBXFileReference; lastKnownFileType = image.jpeg; path = tarot57.jpg; sourceTree = "<group>"; };
		6D1C2F6C1AD641A20086D147 /* tarot58.jpg */ = {isa = PBXFileReference; lastKnownFileType = image.jpeg; path = tarot58.jpg; sourceTree = "<group>"; };
		6D1C2F6D1AD641A20086D147 /* tarot59.jpg */ = {isa = PBXFileReference; lastKnownFileType = image.jpeg; path = tarot59.jpg; sourceTree = "<group>"; };
		6D1C2F6E1AD641A20086D147 /* tarot6.jpg */ = {isa = PBXFileReference; lastKnownFileType = image.jpeg; path = tarot6.jpg; sourceTree = "<group>"; };
		6D1C2F6F1AD641A20086D147 /* tarot60.jpg */ = {isa = PBXFileReference; lastKnownFileType = image.jpeg; path = tarot60.jpg; sourceTree = "<group>"; };
		6D1C2F701AD641A20086D147 /* tarot61.jpg */ = {isa = PBXFileReference; lastKnownFileType = image.jpeg; path = tarot61.jpg; sourceTree = "<group>"; };
		6D1C2F711AD641A20086D147 /* tarot62.jpg */ = {isa = PBXFileReference; lastKnownFileType = image.jpeg; path = tarot62.jpg; sourceTree = "<group>"; };
		6D1C2F721AD641A20086D147 /* tarot63.jpg */ = {isa = PBXFileReference; lastKnownFileType = image.jpeg; path = tarot63.jpg; sourceTree = "<group>"; };
		6D1C2F731AD641A20086D147 /* tarot64.jpg */ = {isa = PBXFileReference; lastKnownFileType = image.jpeg; path = tarot64.jpg; sourceTree = "<group>"; };
		6D1C2F741AD641A20086D147 /* tarot65.jpg */ = {isa = PBXFileReference; lastKnownFileType = image.jpeg; path = tarot65.jpg; sourceTree = "<group>"; };
		6D1C2F751AD641A20086D147 /* tarot66.jpg */ = {isa = PBXFileReference; lastKnownFileType = image.jpeg; path = tarot66.jpg; sourceTree = "<group>"; };
		6D1C2F761AD641A20086D147 /* tarot67.jpg */ = {isa = PBXFileReference; lastKnownFileType = image.jpeg; path = tarot67.jpg; sourceTree = "<group>"; };
		6D1C2F771AD641A20086D147 /* tarot68.jpg */ = {isa = PBXFileReference; lastKnownFileType = image.jpeg; path = tarot68.jpg; sourceTree = "<group>"; };
		6D1C2F781AD641A20086D147 /* tarot69.jpg */ = {isa = PBXFileReference; lastKnownFileType = image.jpeg; path = tarot69.jpg; sourceTree = "<group>"; };
		6D1C2F791AD641A20086D147 /* tarot7.jpg */ = {isa = PBXFileReference; lastKnownFileType = image.jpeg; path = tarot7.jpg; sourceTree = "<group>"; };
		6D1C2F7A1AD641A20086D147 /* tarot70.jpg */ = {isa = PBXFileReference; lastKnownFileType = image.jpeg; path = tarot70.jpg; sourceTree = "<group>"; };
		6D1C2F7B1AD641A20086D147 /* tarot71.jpg */ = {isa = PBXFileReference; lastKnownFileType = image.jpeg; path = tarot71.jpg; sourceTree = "<group>"; };
		6D1C2F7C1AD641A20086D147 /* tarot72.jpg */ = {isa = PBXFileReference; lastKnownFileType = image.jpeg; path = tarot72.jpg; sourceTree = "<group>"; };
		6D1C2F7D1AD641A20086D147 /* tarot73.jpg */ = {isa = PBXFileReference; lastKnownFileType = image.jpeg; path = tarot73.jpg; sourceTree = "<group>"; };
		6D1C2F7E1AD641A20086D147 /* tarot74.jpg */ = {isa = PBXFileReference; lastKnownFileType = image.jpeg; path = tarot74.jpg; sourceTree = "<group>"; };
		6D1C2F7F1AD641A20086D147 /* tarot75.jpg */ = {isa = PBXFileReference; lastKnownFileType = image.jpeg; path = tarot75.jpg; sourceTree = "<group>"; };
		6D1C2F801AD641A20086D147 /* tarot76.jpg */ = {isa = PBXFileReference; lastKnownFileType = image.jpeg; path = tarot76.jpg; sourceTree = "<group>"; };
		6D1C2F811AD641A20086D147 /* tarot77.jpg */ = {isa = PBXFileReference; lastKnownFileType = image.jpeg; path = tarot77.jpg; sourceTree = "<group>"; };
		6D1C2F821AD641A20086D147 /* tarot8.jpg */ = {isa = PBXFileReference; lastKnownFileType = image.jpeg; path = tarot8.jpg; sourceTree = "<group>"; };
		6D1C2F831AD641A20086D147 /* tarot9.jpg */ = {isa = PBXFileReference; lastKnownFileType = image.jpeg; path = tarot9.jpg; sourceTree = "<group>"; };
		6D1C2FD21AD648390086D147 /* DefListTableViewController.h */ = {isa = PBXFileReference; fileEncoding = 4; lastKnownFileType = sourcecode.c.h; name = DefListTableViewController.h; path = ../DefListTableViewController.h; sourceTree = "<group>"; };
		6D1C2FD31AD648390086D147 /* DefListTableViewController.m */ = {isa = PBXFileReference; fileEncoding = 4; lastKnownFileType = sourcecode.c.objc; name = DefListTableViewController.m; path = ../DefListTableViewController.m; sourceTree = "<group>"; };
		6D1C2FD41AD648390086D147 /* DefListTableViewController.xib */ = {isa = PBXFileReference; fileEncoding = 4; lastKnownFileType = file.xib; name = DefListTableViewController.xib; path = ../DefListTableViewController.xib; sourceTree = "<group>"; };
=======
		6D1C2DA71AD4AEB80086D147 /* felt.png */ = {isa = PBXFileReference; lastKnownFileType = image.png; path = felt.png; sourceTree = "<group>"; };
>>>>>>> ae58dc1b444bdd4e1a1dacb59829980876867b40
=======
		6D1C2DA71AD4AEB80086D147 /* felt.png */ = {isa = PBXFileReference; lastKnownFileType = image.png; path = felt.png; sourceTree = "<group>"; };
>>>>>>> ae58dc1b444bdd4e1a1dacb59829980876867b40
=======
		6D1C2DA71AD4AEB80086D147 /* felt.png */ = {isa = PBXFileReference; lastKnownFileType = image.png; path = felt.png; sourceTree = "<group>"; };
>>>>>>> ae58dc1b444bdd4e1a1dacb59829980876867b40
=======
		6D1C2DA71AD4AEB80086D147 /* felt.png */ = {isa = PBXFileReference; lastKnownFileType = image.png; path = felt.png; sourceTree = "<group>"; };
>>>>>>> ae58dc1b444bdd4e1a1dacb59829980876867b40
=======
		6D1C2DA71AD4AEB80086D147 /* felt.png */ = {isa = PBXFileReference; lastKnownFileType = image.png; path = felt.png; sourceTree = "<group>"; };
>>>>>>> ae58dc1b444bdd4e1a1dacb59829980876867b40
		6D4262E51AD45EEF00F1310B /* curtains.png */ = {isa = PBXFileReference; lastKnownFileType = image.png; path = curtains.png; sourceTree = "<group>"; };
		6D4262E71AD4624E00F1310B /* CardSpreadViewController.h */ = {isa = PBXFileReference; fileEncoding = 4; lastKnownFileType = sourcecode.c.h; path = CardSpreadViewController.h; sourceTree = "<group>"; };
		6D4262E81AD4624E00F1310B /* CardSpreadViewController.m */ = {isa = PBXFileReference; fileEncoding = 4; lastKnownFileType = sourcecode.c.objc; path = CardSpreadViewController.m; sourceTree = "<group>"; };
		6D4262E91AD4624E00F1310B /* CardSpreadViewController.xib */ = {isa = PBXFileReference; fileEncoding = 4; lastKnownFileType = file.xib; path = CardSpreadViewController.xib; sourceTree = "<group>"; };
		772212F41AD36BB200A7722C /* Cartomancer.app */ = {isa = PBXFileReference; explicitFileType = wrapper.application; includeInIndex = 0; path = Cartomancer.app; sourceTree = BUILT_PRODUCTS_DIR; };
		772212F81AD36BB200A7722C /* Info.plist */ = {isa = PBXFileReference; lastKnownFileType = text.plist.xml; path = Info.plist; sourceTree = "<group>"; };
		772212F91AD36BB200A7722C /* main.m */ = {isa = PBXFileReference; lastKnownFileType = sourcecode.c.objc; path = main.m; sourceTree = "<group>"; };
		772212FB1AD36BB200A7722C /* AppDelegate.h */ = {isa = PBXFileReference; lastKnownFileType = sourcecode.c.h; path = AppDelegate.h; sourceTree = "<group>"; };
		772212FC1AD36BB200A7722C /* AppDelegate.m */ = {isa = PBXFileReference; lastKnownFileType = sourcecode.c.objc; path = AppDelegate.m; sourceTree = "<group>"; };
		772213041AD36BB200A7722C /* Images.xcassets */ = {isa = PBXFileReference; lastKnownFileType = folder.assetcatalog; path = Images.xcassets; sourceTree = "<group>"; };
		772213071AD36BB200A7722C /* Base */ = {isa = PBXFileReference; lastKnownFileType = file.xib; name = Base; path = Base.lproj/LaunchScreen.xib; sourceTree = "<group>"; };
		7722130D1AD36BB200A7722C /* CartomancerTests.xctest */ = {isa = PBXFileReference; explicitFileType = wrapper.cfbundle; includeInIndex = 0; path = CartomancerTests.xctest; sourceTree = BUILT_PRODUCTS_DIR; };
		772213121AD36BB200A7722C /* Info.plist */ = {isa = PBXFileReference; lastKnownFileType = text.plist.xml; path = Info.plist; sourceTree = "<group>"; };
		772213131AD36BB200A7722C /* CartomancerTests.m */ = {isa = PBXFileReference; lastKnownFileType = sourcecode.c.objc; path = CartomancerTests.m; sourceTree = "<group>"; };
		7722131D1AD36C7F00A7722C /* Realm.framework */ = {isa = PBXFileReference; lastKnownFileType = wrapper.framework; path = Realm.framework; sourceTree = "<group>"; };
		7722131F1AD36C9500A7722C /* libc++.dylib */ = {isa = PBXFileReference; lastKnownFileType = "compiled.mach-o.dylib"; name = "libc++.dylib"; path = "usr/lib/libc++.dylib"; sourceTree = SDKROOT; };
		772213211AD36CAE00A7722C /* Card.h */ = {isa = PBXFileReference; fileEncoding = 4; lastKnownFileType = sourcecode.c.h; path = Card.h; sourceTree = "<group>"; };
		772213221AD36CAE00A7722C /* Card.m */ = {isa = PBXFileReference; fileEncoding = 4; lastKnownFileType = sourcecode.c.objc; path = Card.m; sourceTree = "<group>"; };
		77378B2F1AD5DB0800C7AC27 /* seventyEightCardListings4.json */ = {isa = PBXFileReference; fileEncoding = 4; lastKnownFileType = text.json; path = seventyEightCardListings4.json; sourceTree = "<group>"; };
		778476681AD611C8006FB87E /* Prediction.h */ = {isa = PBXFileReference; fileEncoding = 4; lastKnownFileType = sourcecode.c.h; name = Prediction.h; path = ../Prediction.h; sourceTree = "<group>"; };
		778476691AD611C8006FB87E /* Prediction.m */ = {isa = PBXFileReference; fileEncoding = 4; lastKnownFileType = sourcecode.c.objc; name = Prediction.m; path = ../Prediction.m; sourceTree = "<group>"; };
		779FDBF31AD5C0C200C8F6D0 /* DataLoader.h */ = {isa = PBXFileReference; fileEncoding = 4; lastKnownFileType = sourcecode.c.h; path = DataLoader.h; sourceTree = "<group>"; };
		779FDBF41AD5C0C200C8F6D0 /* DataLoader.m */ = {isa = PBXFileReference; fileEncoding = 4; lastKnownFileType = sourcecode.c.objc; path = DataLoader.m; sourceTree = "<group>"; };
/* End PBXFileReference section */

/* Begin PBXFrameworksBuildPhase section */
		772212F11AD36BB200A7722C /* Frameworks */ = {
			isa = PBXFrameworksBuildPhase;
			buildActionMask = 2147483647;
			files = (
				772213201AD36C9500A7722C /* libc++.dylib in Frameworks */,
				7722131E1AD36C7F00A7722C /* Realm.framework in Frameworks */,
			);
			runOnlyForDeploymentPostprocessing = 0;
		};
		7722130A1AD36BB200A7722C /* Frameworks */ = {
			isa = PBXFrameworksBuildPhase;
			buildActionMask = 2147483647;
			files = (
			);
			runOnlyForDeploymentPostprocessing = 0;
		};
/* End PBXFrameworksBuildPhase section */

/* Begin PBXGroup section */
		6D1C2F351AD641A20086D147 /* JPEGS 20 percent */ = {
			isa = PBXGroup;
			children = (
				6D1C2F361AD641A20086D147 /* tarot0.jpg */,
				6D1C2F371AD641A20086D147 /* tarot1.jpg */,
				6D1C2F381AD641A20086D147 /* tarot10.jpg */,
				6D1C2F391AD641A20086D147 /* tarot11.jpg */,
				6D1C2F3A1AD641A20086D147 /* tarot12.jpg */,
				6D1C2F3B1AD641A20086D147 /* tarot13.jpg */,
				6D1C2F3C1AD641A20086D147 /* tarot14.jpg */,
				6D1C2F3D1AD641A20086D147 /* tarot15.jpg */,
				6D1C2F3E1AD641A20086D147 /* tarot16.jpg */,
				6D1C2F3F1AD641A20086D147 /* tarot17.jpg */,
				6D1C2F401AD641A20086D147 /* tarot18.jpg */,
				6D1C2F411AD641A20086D147 /* tarot19.jpg */,
				6D1C2F421AD641A20086D147 /* tarot2.jpg */,
				6D1C2F431AD641A20086D147 /* tarot20.jpg */,
				6D1C2F441AD641A20086D147 /* tarot21.jpg */,
				6D1C2F451AD641A20086D147 /* tarot22.jpg */,
				6D1C2F461AD641A20086D147 /* tarot23.jpg */,
				6D1C2F471AD641A20086D147 /* tarot24.jpg */,
				6D1C2F481AD641A20086D147 /* tarot25.jpg */,
				6D1C2F491AD641A20086D147 /* tarot26.jpg */,
				6D1C2F4A1AD641A20086D147 /* tarot27.jpg */,
				6D1C2F4B1AD641A20086D147 /* tarot28.jpg */,
				6D1C2F4C1AD641A20086D147 /* tarot29.jpg */,
				6D1C2F4D1AD641A20086D147 /* tarot3.jpg */,
				6D1C2F4E1AD641A20086D147 /* tarot30.jpg */,
				6D1C2F4F1AD641A20086D147 /* tarot31.jpg */,
				6D1C2F501AD641A20086D147 /* tarot32.jpg */,
				6D1C2F511AD641A20086D147 /* tarot33.jpg */,
				6D1C2F521AD641A20086D147 /* tarot34.jpg */,
				6D1C2F531AD641A20086D147 /* tarot35.jpg */,
				6D1C2F541AD641A20086D147 /* tarot36.jpg */,
				6D1C2F551AD641A20086D147 /* tarot37.jpg */,
				6D1C2F561AD641A20086D147 /* tarot38.jpg */,
				6D1C2F571AD641A20086D147 /* tarot39.jpg */,
				6D1C2F581AD641A20086D147 /* tarot4.jpg */,
				6D1C2F591AD641A20086D147 /* tarot40.jpg */,
				6D1C2F5A1AD641A20086D147 /* tarot41.jpg */,
				6D1C2F5B1AD641A20086D147 /* tarot42.jpg */,
				6D1C2F5C1AD641A20086D147 /* tarot43.jpg */,
				6D1C2F5D1AD641A20086D147 /* tarot44.jpg */,
				6D1C2F5E1AD641A20086D147 /* tarot45.jpg */,
				6D1C2F5F1AD641A20086D147 /* tarot46.jpg */,
				6D1C2F601AD641A20086D147 /* tarot47.jpg */,
				6D1C2F611AD641A20086D147 /* tarot48.jpg */,
				6D1C2F621AD641A20086D147 /* tarot49.jpg */,
				6D1C2F631AD641A20086D147 /* tarot5.jpg */,
				6D1C2F641AD641A20086D147 /* tarot50.jpg */,
				6D1C2F651AD641A20086D147 /* tarot51.jpg */,
				6D1C2F661AD641A20086D147 /* tarot52.jpg */,
				6D1C2F671AD641A20086D147 /* tarot53.jpg */,
				6D1C2F681AD641A20086D147 /* tarot54.jpg */,
				6D1C2F691AD641A20086D147 /* tarot55.jpg */,
				6D1C2F6A1AD641A20086D147 /* tarot56.jpg */,
				6D1C2F6B1AD641A20086D147 /* tarot57.jpg */,
				6D1C2F6C1AD641A20086D147 /* tarot58.jpg */,
				6D1C2F6D1AD641A20086D147 /* tarot59.jpg */,
				6D1C2F6E1AD641A20086D147 /* tarot6.jpg */,
				6D1C2F6F1AD641A20086D147 /* tarot60.jpg */,
				6D1C2F701AD641A20086D147 /* tarot61.jpg */,
				6D1C2F711AD641A20086D147 /* tarot62.jpg */,
				6D1C2F721AD641A20086D147 /* tarot63.jpg */,
				6D1C2F731AD641A20086D147 /* tarot64.jpg */,
				6D1C2F741AD641A20086D147 /* tarot65.jpg */,
				6D1C2F751AD641A20086D147 /* tarot66.jpg */,
				6D1C2F761AD641A20086D147 /* tarot67.jpg */,
				6D1C2F771AD641A20086D147 /* tarot68.jpg */,
				6D1C2F781AD641A20086D147 /* tarot69.jpg */,
				6D1C2F791AD641A20086D147 /* tarot7.jpg */,
				6D1C2F7A1AD641A20086D147 /* tarot70.jpg */,
				6D1C2F7B1AD641A20086D147 /* tarot71.jpg */,
				6D1C2F7C1AD641A20086D147 /* tarot72.jpg */,
				6D1C2F7D1AD641A20086D147 /* tarot73.jpg */,
				6D1C2F7E1AD641A20086D147 /* tarot74.jpg */,
				6D1C2F7F1AD641A20086D147 /* tarot75.jpg */,
				6D1C2F801AD641A20086D147 /* tarot76.jpg */,
				6D1C2F811AD641A20086D147 /* tarot77.jpg */,
				6D1C2F821AD641A20086D147 /* tarot8.jpg */,
				6D1C2F831AD641A20086D147 /* tarot9.jpg */,
			);
			name = "JPEGS 20 percent";
			path = "JPEGS 20 percent copy 2";
			sourceTree = "<group>";
		};
		772212EB1AD36BB200A7722C = {
			isa = PBXGroup;
			children = (
				772212F61AD36BB200A7722C /* Cartomancer */,
				772213101AD36BB200A7722C /* CartomancerTests */,
				772212F51AD36BB200A7722C /* Products */,
			);
			sourceTree = "<group>";
		};
		772212F51AD36BB200A7722C /* Products */ = {
			isa = PBXGroup;
			children = (
				772212F41AD36BB200A7722C /* Cartomancer.app */,
				7722130D1AD36BB200A7722C /* CartomancerTests.xctest */,
			);
			name = Products;
			sourceTree = "<group>";
		};
		772212F61AD36BB200A7722C /* Cartomancer */ = {
			isa = PBXGroup;
			children = (
				77378B2F1AD5DB0800C7AC27 /* seventyEightCardListings4.json */,
				778476681AD611C8006FB87E /* Prediction.h */,
				778476691AD611C8006FB87E /* Prediction.m */,
				772213211AD36CAE00A7722C /* Card.h */,
				772213221AD36CAE00A7722C /* Card.m */,
				779FDBF31AD5C0C200C8F6D0 /* DataLoader.h */,
				779FDBF41AD5C0C200C8F6D0 /* DataLoader.m */,
				772212FB1AD36BB200A7722C /* AppDelegate.h */,
				772212FC1AD36BB200A7722C /* AppDelegate.m */,
				6D4262E71AD4624E00F1310B /* CardSpreadViewController.h */,
				6D4262E81AD4624E00F1310B /* CardSpreadViewController.m */,
				6D4262E91AD4624E00F1310B /* CardSpreadViewController.xib */,
				6D1C2FD21AD648390086D147 /* DefListTableViewController.h */,
				6D1C2FD31AD648390086D147 /* DefListTableViewController.m */,
				6D1C2FD41AD648390086D147 /* DefListTableViewController.xib */,
				772213041AD36BB200A7722C /* Images.xcassets */,
				772213061AD36BB200A7722C /* LaunchScreen.xib */,
				7722131D1AD36C7F00A7722C /* Realm.framework */,
				772212F71AD36BB200A7722C /* Supporting Files */,
				6D1C2DA31AD482500086D147 /* tarot.png */,
				6D1C2DAE1AD610FA0086D147 /* masterblaster.jpg */,
				6D1C2DA51AD483B40086D147 /* tarotside.png */,
				6D4262E51AD45EEF00F1310B /* curtains.png */,
			);
			path = Cartomancer;
			sourceTree = "<group>";
		};
		772212F71AD36BB200A7722C /* Supporting Files */ = {
			isa = PBXGroup;
			children = (
				772212F81AD36BB200A7722C /* Info.plist */,
				772212F91AD36BB200A7722C /* main.m */,
				7722131F1AD36C9500A7722C /* libc++.dylib */,
				6D1C2F351AD641A20086D147 /* JPEGS 20 percent */,
			);
			name = "Supporting Files";
			sourceTree = "<group>";
		};
		772213101AD36BB200A7722C /* CartomancerTests */ = {
			isa = PBXGroup;
			children = (
				772213131AD36BB200A7722C /* CartomancerTests.m */,
				772213111AD36BB200A7722C /* Supporting Files */,
			);
			path = CartomancerTests;
			sourceTree = "<group>";
		};
		772213111AD36BB200A7722C /* Supporting Files */ = {
			isa = PBXGroup;
			children = (
				772213121AD36BB200A7722C /* Info.plist */,
			);
			name = "Supporting Files";
			sourceTree = "<group>";
		};
/* End PBXGroup section */

/* Begin PBXNativeTarget section */
		772212F31AD36BB200A7722C /* Cartomancer */ = {
			isa = PBXNativeTarget;
			buildConfigurationList = 772213171AD36BB200A7722C /* Build configuration list for PBXNativeTarget "Cartomancer" */;
			buildPhases = (
				772212F01AD36BB200A7722C /* Sources */,
				772212F11AD36BB200A7722C /* Frameworks */,
				772212F21AD36BB200A7722C /* Resources */,
			);
			buildRules = (
			);
			dependencies = (
			);
			name = Cartomancer;
			productName = Cartomancer;
			productReference = 772212F41AD36BB200A7722C /* Cartomancer.app */;
			productType = "com.apple.product-type.application";
		};
		7722130C1AD36BB200A7722C /* CartomancerTests */ = {
			isa = PBXNativeTarget;
			buildConfigurationList = 7722131A1AD36BB200A7722C /* Build configuration list for PBXNativeTarget "CartomancerTests" */;
			buildPhases = (
				772213091AD36BB200A7722C /* Sources */,
				7722130A1AD36BB200A7722C /* Frameworks */,
				7722130B1AD36BB200A7722C /* Resources */,
			);
			buildRules = (
			);
			dependencies = (
				7722130F1AD36BB200A7722C /* PBXTargetDependency */,
			);
			name = CartomancerTests;
			productName = CartomancerTests;
			productReference = 7722130D1AD36BB200A7722C /* CartomancerTests.xctest */;
			productType = "com.apple.product-type.bundle.unit-test";
		};
/* End PBXNativeTarget section */

/* Begin PBXProject section */
		772212EC1AD36BB200A7722C /* Project object */ = {
			isa = PBXProject;
			attributes = {
				LastUpgradeCheck = 0620;
				ORGANIZATIONNAME = northtwilight_development;
				TargetAttributes = {
					772212F31AD36BB200A7722C = {
						CreatedOnToolsVersion = 6.2;
					};
					7722130C1AD36BB200A7722C = {
						CreatedOnToolsVersion = 6.2;
						TestTargetID = 772212F31AD36BB200A7722C;
					};
				};
			};
			buildConfigurationList = 772212EF1AD36BB200A7722C /* Build configuration list for PBXProject "Cartomancer" */;
			compatibilityVersion = "Xcode 3.2";
			developmentRegion = English;
			hasScannedForEncodings = 0;
			knownRegions = (
				en,
				Base,
			);
			mainGroup = 772212EB1AD36BB200A7722C;
			productRefGroup = 772212F51AD36BB200A7722C /* Products */;
			projectDirPath = "";
			projectRoot = "";
			targets = (
				772212F31AD36BB200A7722C /* Cartomancer */,
				7722130C1AD36BB200A7722C /* CartomancerTests */,
			);
		};
/* End PBXProject section */

/* Begin PBXResourcesBuildPhase section */
		772212F21AD36BB200A7722C /* Resources */ = {
			isa = PBXResourcesBuildPhase;
			buildActionMask = 2147483647;
			files = (
				6D1C2FA71AD641A20086D147 /* tarot40.jpg in Resources */,
				6D1C2FAE1AD641A20086D147 /* tarot47.jpg in Resources */,
				6D1C2FB31AD641A20086D147 /* tarot51.jpg in Resources */,
				6D1C2FB81AD641A20086D147 /* tarot56.jpg in Resources */,
				6D1C2F971AD641A20086D147 /* tarot26.jpg in Resources */,
				6D1C2F841AD641A20086D147 /* tarot0.jpg in Resources */,
				6D1C2FA11AD641A20086D147 /* tarot35.jpg in Resources */,
				6D1C2F8A1AD641A20086D147 /* tarot14.jpg in Resources */,
				6D1C2FD61AD648390086D147 /* DefListTableViewController.xib in Resources */,
				6D1C2FA01AD641A20086D147 /* tarot34.jpg in Resources */,
				6D1C2F881AD641A20086D147 /* tarot12.jpg in Resources */,
				6D1C2F921AD641A20086D147 /* tarot21.jpg in Resources */,
				6D4262E61AD45EEF00F1310B /* curtains.png in Resources */,
<<<<<<< HEAD
<<<<<<< HEAD
<<<<<<< HEAD
<<<<<<< HEAD
<<<<<<< HEAD
				6D1C2F941AD641A20086D147 /* tarot23.jpg in Resources */,
				6D1C2F8E1AD641A20086D147 /* tarot18.jpg in Resources */,
				6D1C2FA51AD641A20086D147 /* tarot39.jpg in Resources */,
				6D1C2F961AD641A20086D147 /* tarot25.jpg in Resources */,
				6D1C2FCC1AD641A20086D147 /* tarot74.jpg in Resources */,
				6D1C2FC31AD641A20086D147 /* tarot66.jpg in Resources */,
				6D1C2FBA1AD641A20086D147 /* tarot58.jpg in Resources */,
				6D1C2FB01AD641A20086D147 /* tarot49.jpg in Resources */,
				6D1C2FBB1AD641A20086D147 /* tarot59.jpg in Resources */,
				6D1C2FC01AD641A20086D147 /* tarot63.jpg in Resources */,
				6D1C2FD11AD641A20086D147 /* tarot9.jpg in Resources */,
				6D1C2FCF1AD641A20086D147 /* tarot77.jpg in Resources */,
				6D1C2F861AD641A20086D147 /* tarot10.jpg in Resources */,
				6D1C2F991AD641A20086D147 /* tarot28.jpg in Resources */,
				6D1C2FCD1AD641A20086D147 /* tarot75.jpg in Resources */,
				6D1C2FA61AD641A20086D147 /* tarot4.jpg in Resources */,
				6D1C2FB41AD641A20086D147 /* tarot52.jpg in Resources */,
				6D1C2F8F1AD641A20086D147 /* tarot19.jpg in Resources */,
				6D1C2FD01AD641A20086D147 /* tarot8.jpg in Resources */,
				6D1C2FBC1AD641A20086D147 /* tarot6.jpg in Resources */,
				6D1C2FC11AD641A20086D147 /* tarot64.jpg in Resources */,
				6D1C2FA31AD641A20086D147 /* tarot37.jpg in Resources */,
				6D1C2FB71AD641A20086D147 /* tarot55.jpg in Resources */,
				6D1C2FCB1AD641A20086D147 /* tarot73.jpg in Resources */,
				6D1C2FC71AD641A20086D147 /* tarot7.jpg in Resources */,
				6D1C2F901AD641A20086D147 /* tarot2.jpg in Resources */,
				6D1C2FBD1AD641A20086D147 /* tarot60.jpg in Resources */,
				6D1C2FAF1AD641A20086D147 /* tarot48.jpg in Resources */,
				6D1C2F891AD641A20086D147 /* tarot13.jpg in Resources */,
				6D1C2DAF1AD610FA0086D147 /* masterblaster.jpg in Resources */,
				6D1C2DAA1AD5B7B20086D147 /* default.realm in Resources */,
				6D1C2FC51AD641A20086D147 /* tarot68.jpg in Resources */,
				6D1C2F851AD641A20086D147 /* tarot1.jpg in Resources */,
				6D1C2FB61AD641A20086D147 /* tarot54.jpg in Resources */,
=======
>>>>>>> ae58dc1b444bdd4e1a1dacb59829980876867b40
=======
>>>>>>> ae58dc1b444bdd4e1a1dacb59829980876867b40
=======
>>>>>>> ae58dc1b444bdd4e1a1dacb59829980876867b40
=======
>>>>>>> ae58dc1b444bdd4e1a1dacb59829980876867b40
=======
>>>>>>> ae58dc1b444bdd4e1a1dacb59829980876867b40
				6D1C2DA41AD482500086D147 /* tarot.png in Resources */,
				6D1C2F8B1AD641A20086D147 /* tarot15.jpg in Resources */,
				6D1C2FB51AD641A20086D147 /* tarot53.jpg in Resources */,
				6D1C2F9C1AD641A20086D147 /* tarot30.jpg in Resources */,
				6D1C2F981AD641A20086D147 /* tarot27.jpg in Resources */,
				6D1C2FA41AD641A20086D147 /* tarot38.jpg in Resources */,
				6D1C2FC21AD641A20086D147 /* tarot65.jpg in Resources */,
				6D1C2FC61AD641A20086D147 /* tarot69.jpg in Resources */,
				6D1C2FAB1AD641A20086D147 /* tarot44.jpg in Resources */,
				6D1C2FB91AD641A20086D147 /* tarot57.jpg in Resources */,
				6D1C2F951AD641A20086D147 /* tarot24.jpg in Resources */,
				6D1C2FBF1AD641A20086D147 /* tarot62.jpg in Resources */,
				6D1C2FC91AD641A20086D147 /* tarot71.jpg in Resources */,
				6D1C2F9D1AD641A20086D147 /* tarot31.jpg in Resources */,
				772213081AD36BB200A7722C /* LaunchScreen.xib in Resources */,
				6D1C2F9E1AD641A20086D147 /* tarot32.jpg in Resources */,
				6D1C2F9B1AD641A20086D147 /* tarot3.jpg in Resources */,
				6D1C2F931AD641A20086D147 /* tarot22.jpg in Resources */,
				6D1C2FA91AD641A20086D147 /* tarot42.jpg in Resources */,
				6D4262EB1AD4624E00F1310B /* CardSpreadViewController.xib in Resources */,
<<<<<<< HEAD
<<<<<<< HEAD
<<<<<<< HEAD
<<<<<<< HEAD
<<<<<<< HEAD
				6D1C2F911AD641A20086D147 /* tarot20.jpg in Resources */,
				6D1C2FAD1AD641A20086D147 /* tarot46.jpg in Resources */,
				6D1C2FA21AD641A20086D147 /* tarot36.jpg in Resources */,
				6D1C2FAA1AD641A20086D147 /* tarot43.jpg in Resources */,
				6D1C2F8C1AD641A20086D147 /* tarot16.jpg in Resources */,
				6D1C2FC81AD641A20086D147 /* tarot70.jpg in Resources */,
				6D1C2FCE1AD641A20086D147 /* tarot76.jpg in Resources */,
				6D1C2FAC1AD641A20086D147 /* tarot45.jpg in Resources */,
				6D1C2FC41AD641A20086D147 /* tarot67.jpg in Resources */,
				6D1C2F9A1AD641A20086D147 /* tarot29.jpg in Resources */,
				6D1C2FB21AD641A20086D147 /* tarot50.jpg in Resources */,
=======
				77378B301AD5DB0800C7AC27 /* seventyEightCardListings4.json in Resources */,
>>>>>>> ae58dc1b444bdd4e1a1dacb59829980876867b40
=======
				77378B301AD5DB0800C7AC27 /* seventyEightCardListings4.json in Resources */,
>>>>>>> ae58dc1b444bdd4e1a1dacb59829980876867b40
=======
				77378B301AD5DB0800C7AC27 /* seventyEightCardListings4.json in Resources */,
>>>>>>> ae58dc1b444bdd4e1a1dacb59829980876867b40
=======
				77378B301AD5DB0800C7AC27 /* seventyEightCardListings4.json in Resources */,
>>>>>>> ae58dc1b444bdd4e1a1dacb59829980876867b40
=======
				77378B301AD5DB0800C7AC27 /* seventyEightCardListings4.json in Resources */,
>>>>>>> ae58dc1b444bdd4e1a1dacb59829980876867b40
				772213051AD36BB200A7722C /* Images.xcassets in Resources */,
				6D1C2F871AD641A20086D147 /* tarot11.jpg in Resources */,
				6D1C2F8D1AD641A20086D147 /* tarot17.jpg in Resources */,
				6D1C2F9F1AD641A20086D147 /* tarot33.jpg in Resources */,
				6D1C2FA81AD641A20086D147 /* tarot41.jpg in Resources */,
				6D1C2FB11AD641A20086D147 /* tarot5.jpg in Resources */,
				6D1C2FBE1AD641A20086D147 /* tarot61.jpg in Resources */,
				6D1C2DA61AD483B40086D147 /* tarotside.png in Resources */,
				6D1C2FCA1AD641A20086D147 /* tarot72.jpg in Resources */,
			);
			runOnlyForDeploymentPostprocessing = 0;
		};
		7722130B1AD36BB200A7722C /* Resources */ = {
			isa = PBXResourcesBuildPhase;
			buildActionMask = 2147483647;
			files = (
			);
			runOnlyForDeploymentPostprocessing = 0;
		};
/* End PBXResourcesBuildPhase section */

/* Begin PBXSourcesBuildPhase section */
		772212F01AD36BB200A7722C /* Sources */ = {
			isa = PBXSourcesBuildPhase;
			buildActionMask = 2147483647;
			files = (
				6D4262EA1AD4624E00F1310B /* CardSpreadViewController.m in Sources */,
				772212FD1AD36BB200A7722C /* AppDelegate.m in Sources */,
				772212FA1AD36BB200A7722C /* main.m in Sources */,
				6D1C2FD51AD648390086D147 /* DefListTableViewController.m in Sources */,
				772213231AD36CAE00A7722C /* Card.m in Sources */,
				7784766A1AD611C8006FB87E /* Prediction.m in Sources */,
				779FDBF51AD5C0C200C8F6D0 /* DataLoader.m in Sources */,
			);
			runOnlyForDeploymentPostprocessing = 0;
		};
		772213091AD36BB200A7722C /* Sources */ = {
			isa = PBXSourcesBuildPhase;
			buildActionMask = 2147483647;
			files = (
				772213141AD36BB200A7722C /* CartomancerTests.m in Sources */,
			);
			runOnlyForDeploymentPostprocessing = 0;
		};
/* End PBXSourcesBuildPhase section */

/* Begin PBXTargetDependency section */
		7722130F1AD36BB200A7722C /* PBXTargetDependency */ = {
			isa = PBXTargetDependency;
			target = 772212F31AD36BB200A7722C /* Cartomancer */;
			targetProxy = 7722130E1AD36BB200A7722C /* PBXContainerItemProxy */;
		};
/* End PBXTargetDependency section */

/* Begin PBXVariantGroup section */
		772213061AD36BB200A7722C /* LaunchScreen.xib */ = {
			isa = PBXVariantGroup;
			children = (
				772213071AD36BB200A7722C /* Base */,
			);
			name = LaunchScreen.xib;
			sourceTree = "<group>";
		};
/* End PBXVariantGroup section */

/* Begin XCBuildConfiguration section */
		772213151AD36BB200A7722C /* Debug */ = {
			isa = XCBuildConfiguration;
			buildSettings = {
				ALWAYS_SEARCH_USER_PATHS = NO;
				CLANG_CXX_LANGUAGE_STANDARD = "gnu++0x";
				CLANG_CXX_LIBRARY = "libc++";
				CLANG_ENABLE_MODULES = YES;
				CLANG_ENABLE_OBJC_ARC = YES;
				CLANG_WARN_BOOL_CONVERSION = YES;
				CLANG_WARN_CONSTANT_CONVERSION = YES;
				CLANG_WARN_DIRECT_OBJC_ISA_USAGE = YES_ERROR;
				CLANG_WARN_EMPTY_BODY = YES;
				CLANG_WARN_ENUM_CONVERSION = YES;
				CLANG_WARN_INT_CONVERSION = YES;
				CLANG_WARN_OBJC_ROOT_CLASS = YES_ERROR;
				CLANG_WARN_UNREACHABLE_CODE = YES;
				CLANG_WARN__DUPLICATE_METHOD_MATCH = YES;
				"CODE_SIGN_IDENTITY[sdk=iphoneos*]" = "iPhone Developer";
				COPY_PHASE_STRIP = NO;
				ENABLE_STRICT_OBJC_MSGSEND = YES;
				GCC_C_LANGUAGE_STANDARD = gnu99;
				GCC_DYNAMIC_NO_PIC = NO;
				GCC_OPTIMIZATION_LEVEL = 0;
				GCC_PREPROCESSOR_DEFINITIONS = (
					"DEBUG=1",
					"$(inherited)",
				);
				GCC_SYMBOLS_PRIVATE_EXTERN = NO;
				GCC_WARN_64_TO_32_BIT_CONVERSION = YES;
				GCC_WARN_ABOUT_RETURN_TYPE = YES_ERROR;
				GCC_WARN_UNDECLARED_SELECTOR = YES;
				GCC_WARN_UNINITIALIZED_AUTOS = YES_AGGRESSIVE;
				GCC_WARN_UNUSED_FUNCTION = YES;
				GCC_WARN_UNUSED_VARIABLE = YES;
				IPHONEOS_DEPLOYMENT_TARGET = 8.2;
				MTL_ENABLE_DEBUG_INFO = YES;
				ONLY_ACTIVE_ARCH = YES;
				SDKROOT = iphoneos;
			};
			name = Debug;
		};
		772213161AD36BB200A7722C /* Release */ = {
			isa = XCBuildConfiguration;
			buildSettings = {
				ALWAYS_SEARCH_USER_PATHS = NO;
				CLANG_CXX_LANGUAGE_STANDARD = "gnu++0x";
				CLANG_CXX_LIBRARY = "libc++";
				CLANG_ENABLE_MODULES = YES;
				CLANG_ENABLE_OBJC_ARC = YES;
				CLANG_WARN_BOOL_CONVERSION = YES;
				CLANG_WARN_CONSTANT_CONVERSION = YES;
				CLANG_WARN_DIRECT_OBJC_ISA_USAGE = YES_ERROR;
				CLANG_WARN_EMPTY_BODY = YES;
				CLANG_WARN_ENUM_CONVERSION = YES;
				CLANG_WARN_INT_CONVERSION = YES;
				CLANG_WARN_OBJC_ROOT_CLASS = YES_ERROR;
				CLANG_WARN_UNREACHABLE_CODE = YES;
				CLANG_WARN__DUPLICATE_METHOD_MATCH = YES;
				"CODE_SIGN_IDENTITY[sdk=iphoneos*]" = "iPhone Developer";
				COPY_PHASE_STRIP = NO;
				ENABLE_NS_ASSERTIONS = NO;
				ENABLE_STRICT_OBJC_MSGSEND = YES;
				GCC_C_LANGUAGE_STANDARD = gnu99;
				GCC_WARN_64_TO_32_BIT_CONVERSION = YES;
				GCC_WARN_ABOUT_RETURN_TYPE = YES_ERROR;
				GCC_WARN_UNDECLARED_SELECTOR = YES;
				GCC_WARN_UNINITIALIZED_AUTOS = YES_AGGRESSIVE;
				GCC_WARN_UNUSED_FUNCTION = YES;
				GCC_WARN_UNUSED_VARIABLE = YES;
				IPHONEOS_DEPLOYMENT_TARGET = 8.2;
				MTL_ENABLE_DEBUG_INFO = NO;
				SDKROOT = iphoneos;
				VALIDATE_PRODUCT = YES;
			};
			name = Release;
		};
		772213181AD36BB200A7722C /* Debug */ = {
			isa = XCBuildConfiguration;
			buildSettings = {
				ASSETCATALOG_COMPILER_APPICON_NAME = AppIcon;
				FRAMEWORK_SEARCH_PATHS = (
					"$(inherited)",
					"$(PROJECT_DIR)/Cartomancer",
				);
				INFOPLIST_FILE = Cartomancer/Info.plist;
				LD_RUNPATH_SEARCH_PATHS = "$(inherited) @executable_path/Frameworks";
				PRODUCT_NAME = "$(TARGET_NAME)";
				TARGETED_DEVICE_FAMILY = "1,2";
			};
			name = Debug;
		};
		772213191AD36BB200A7722C /* Release */ = {
			isa = XCBuildConfiguration;
			buildSettings = {
				ASSETCATALOG_COMPILER_APPICON_NAME = AppIcon;
				FRAMEWORK_SEARCH_PATHS = (
					"$(inherited)",
					"$(PROJECT_DIR)/Cartomancer",
				);
				INFOPLIST_FILE = Cartomancer/Info.plist;
				LD_RUNPATH_SEARCH_PATHS = "$(inherited) @executable_path/Frameworks";
				PRODUCT_NAME = "$(TARGET_NAME)";
				TARGETED_DEVICE_FAMILY = "1,2";
			};
			name = Release;
		};
		7722131B1AD36BB200A7722C /* Debug */ = {
			isa = XCBuildConfiguration;
			buildSettings = {
				BUNDLE_LOADER = "$(TEST_HOST)";
				FRAMEWORK_SEARCH_PATHS = (
					"$(SDKROOT)/Developer/Library/Frameworks",
					"$(inherited)",
				);
				GCC_PREPROCESSOR_DEFINITIONS = (
					"DEBUG=1",
					"$(inherited)",
				);
				INFOPLIST_FILE = CartomancerTests/Info.plist;
				LD_RUNPATH_SEARCH_PATHS = "$(inherited) @executable_path/Frameworks @loader_path/Frameworks";
				PRODUCT_NAME = "$(TARGET_NAME)";
				TEST_HOST = "$(BUILT_PRODUCTS_DIR)/Cartomancer.app/Cartomancer";
			};
			name = Debug;
		};
		7722131C1AD36BB200A7722C /* Release */ = {
			isa = XCBuildConfiguration;
			buildSettings = {
				BUNDLE_LOADER = "$(TEST_HOST)";
				FRAMEWORK_SEARCH_PATHS = (
					"$(SDKROOT)/Developer/Library/Frameworks",
					"$(inherited)",
				);
				INFOPLIST_FILE = CartomancerTests/Info.plist;
				LD_RUNPATH_SEARCH_PATHS = "$(inherited) @executable_path/Frameworks @loader_path/Frameworks";
				PRODUCT_NAME = "$(TARGET_NAME)";
				TEST_HOST = "$(BUILT_PRODUCTS_DIR)/Cartomancer.app/Cartomancer";
			};
			name = Release;
		};
/* End XCBuildConfiguration section */

/* Begin XCConfigurationList section */
		772212EF1AD36BB200A7722C /* Build configuration list for PBXProject "Cartomancer" */ = {
			isa = XCConfigurationList;
			buildConfigurations = (
				772213151AD36BB200A7722C /* Debug */,
				772213161AD36BB200A7722C /* Release */,
			);
			defaultConfigurationIsVisible = 0;
			defaultConfigurationName = Release;
		};
		772213171AD36BB200A7722C /* Build configuration list for PBXNativeTarget "Cartomancer" */ = {
			isa = XCConfigurationList;
			buildConfigurations = (
				772213181AD36BB200A7722C /* Debug */,
				772213191AD36BB200A7722C /* Release */,
			);
			defaultConfigurationIsVisible = 0;
			defaultConfigurationName = Release;
		};
		7722131A1AD36BB200A7722C /* Build configuration list for PBXNativeTarget "CartomancerTests" */ = {
			isa = XCConfigurationList;
			buildConfigurations = (
				7722131B1AD36BB200A7722C /* Debug */,
				7722131C1AD36BB200A7722C /* Release */,
			);
			defaultConfigurationIsVisible = 0;
			defaultConfigurationName = Release;
		};
/* End XCConfigurationList section */
	};
	rootObject = 772212EC1AD36BB200A7722C /* Project object */;
}
